
Microsoft Visual Studio Solution File, Format Version 12.00
# Visual Studio 15
VisualStudioVersion = 15.0.26206.0
MinimumVisualStudioVersion = 10.0.40219.1
Project("{FAE04EC0-301F-11D3-BF4B-00C04F79EFBC}") = "AspNet.Authentication.IdentityServer", "AspNet.Authentication.IdentityServer\AspNet.Authentication.IdentityServer.csproj", "{6DCFB28E-3B73-47BB-A5C3-FF6E5A894107}"
EndProject
Project("{2150E333-8FDC-42A3-9474-1A3956D46DE8}") = "_solution", "_solution", "{BABCBA01-7360-4F23-B3E4-2AF6CCF0B1FC}"
	ProjectSection(SolutionItems) = preProject
		.gitattributes = .gitattributes
		.gitignore = .gitignore
		README.md = README.md
	EndProjectSection
EndProject
Global
	GlobalSection(SolutionConfigurationPlatforms) = preSolution
		Debug|Any CPU = Debug|Any CPU
		Debug|x64 = Debug|x64
		Debug|x86 = Debug|x86
		Release|Any CPU = Release|Any CPU
		Release|x64 = Release|x64
		Release|x86 = Release|x86
	EndGlobalSection
	GlobalSection(ProjectConfigurationPlatforms) = postSolution
		{6DCFB28E-3B73-47BB-A5C3-FF6E5A894107}.Debug|Any CPU.ActiveCfg = Debug|Any CPU
		{6DCFB28E-3B73-47BB-A5C3-FF6E5A894107}.Debug|Any CPU.Build.0 = Debug|Any CPU
		{6DCFB28E-3B73-47BB-A5C3-FF6E5A894107}.Debug|x64.ActiveCfg = Debug|x64
		{6DCFB28E-3B73-47BB-A5C3-FF6E5A894107}.Debug|x64.Build.0 = Debug|x64
		{6DCFB28E-3B73-47BB-A5C3-FF6E5A894107}.Debug|x86.ActiveCfg = Debug|x86
		{6DCFB28E-3B73-47BB-A5C3-FF6E5A894107}.Debug|x86.Build.0 = Debug|x86
		{6DCFB28E-3B73-47BB-A5C3-FF6E5A894107}.Release|Any CPU.ActiveCfg = Release|Any CPU
		{6DCFB28E-3B73-47BB-A5C3-FF6E5A894107}.Release|Any CPU.Build.0 = Release|Any CPU
		{6DCFB28E-3B73-47BB-A5C3-FF6E5A894107}.Release|x64.ActiveCfg = Release|x64
		{6DCFB28E-3B73-47BB-A5C3-FF6E5A894107}.Release|x64.Build.0 = Release|x64
		{6DCFB28E-3B73-47BB-A5C3-FF6E5A894107}.Release|x86.ActiveCfg = Release|x86
		{6DCFB28E-3B73-47BB-A5C3-FF6E5A894107}.Release|x86.Build.0 = Release|x86
	EndGlobalSection
	GlobalSection(SolutionProperties) = preSolution
		HideSolutionNode = FALSE
	EndGlobalSection
EndGlobal
